
Microsoft Visual Studio Solution File, Format Version 12.00
# Visual Studio 2013
VisualStudioVersion = 12.0.21005.1
MinimumVisualStudioVersion = 10.0.40219.1
Project("{FAE04EC0-301F-11D3-BF4B-00C04F79EFBC}") = "FetchWeb", "FetchWeb\FetchWeb.csproj", "{24AB4C9B-9B05-4B14-ABB5-09EE7BCB0629}"
EndProject
Project("{FAE04EC0-301F-11D3-BF4B-00C04F79EFBC}") = "FetchWeb.Tests", "..\..\..\..\users\chris\documents\visual studio 2013\Projects\FetchWeb\FetchWeb.Tests\FetchWeb.Tests.csproj", "{5167DE0E-9C92-4026-9478-897246646770}"
EndProject
Global
	GlobalSection(SolutionConfigurationPlatforms) = preSolution
		Debug|Any CPU = Debug|Any CPU
		Release|Any CPU = Release|Any CPU
	EndGlobalSection
	GlobalSection(ProjectConfigurationPlatforms) = postSolution
		{24AB4C9B-9B05-4B14-ABB5-09EE7BCB0629}.Debug|Any CPU.ActiveCfg = Debug|Any CPU
		{24AB4C9B-9B05-4B14-ABB5-09EE7BCB0629}.Debug|Any CPU.Build.0 = Debug|Any CPU
		{24AB4C9B-9B05-4B14-ABB5-09EE7BCB0629}.Release|Any CPU.ActiveCfg = Release|Any CPU
		{24AB4C9B-9B05-4B14-ABB5-09EE7BCB0629}.Release|Any CPU.Build.0 = Release|Any CPU
		{5167DE0E-9C92-4026-9478-897246646770}.Debug|Any CPU.ActiveCfg = Debug|Any CPU
		{5167DE0E-9C92-4026-9478-897246646770}.Debug|Any CPU.Build.0 = Debug|Any CPU
		{5167DE0E-9C92-4026-9478-897246646770}.Release|Any CPU.ActiveCfg = Release|Any CPU
		{5167DE0E-9C92-4026-9478-897246646770}.Release|Any CPU.Build.0 = Release|Any CPU
	EndGlobalSection
	GlobalSection(SolutionProperties) = preSolution
		HideSolutionNode = FALSE
	EndGlobalSection
EndGlobal
